// !$*UTF8*$!
{
	archiveVersion = 1;
	classes = {
	};
	objectVersion = 46;
	objects = {

/* Begin PBXBuildFile section */
		3CB0A48315AA731C00D48892 /* SMJobKit.framework in Frameworks */ = {isa = PBXBuildFile; fileRef = 3CB0A48215AA731C00D48892 /* SMJobKit.framework */; };
		3CB0A48B15AA74DD00D48892 /* Foundation.framework in Frameworks */ = {isa = PBXBuildFile; fileRef = 3CB0A48A15AA74DD00D48892 /* Foundation.framework */; };
		3CB0A48E15AA74DD00D48892 /* main.m in Sources */ = {isa = PBXBuildFile; fileRef = 3CB0A48D15AA74DD00D48892 /* main.m */; };
		3CB0A4A015AA799F00D48892 /* net.nevir.SampleApp.SampleServer in Copy Job Servers */ = {isa = PBXBuildFile; fileRef = 3CB0A48815AA74DD00D48892 /* net.nevir.SampleApp.SampleServer */; };
		3CEA518315AA6ECD0067D182 /* Cocoa.framework in Frameworks */ = {isa = PBXBuildFile; fileRef = 3CEA518215AA6ECD0067D182 /* Cocoa.framework */; };
		3CEA518F15AA6ECD0067D182 /* main.m in Sources */ = {isa = PBXBuildFile; fileRef = 3CEA518E15AA6ECD0067D182 /* main.m */; };
		3CEA519315AA6ECD0067D182 /* Credits.rtf in Resources */ = {isa = PBXBuildFile; fileRef = 3CEA519115AA6ECD0067D182 /* Credits.rtf */; };
		3CEA519615AA6ECD0067D182 /* AppDelegate.m in Sources */ = {isa = PBXBuildFile; fileRef = 3CEA519515AA6ECD0067D182 /* AppDelegate.m */; };
		3CEA519915AA6ECD0067D182 /* MainMenu.xib in Resources */ = {isa = PBXBuildFile; fileRef = 3CEA519715AA6ECD0067D182 /* MainMenu.xib */; };
/* End PBXBuildFile section */

/* Begin PBXCopyFilesBuildPhase section */
		3CB0A48615AA74DD00D48892 /* CopyFiles */ = {
			isa = PBXCopyFilesBuildPhase;
			buildActionMask = 2147483647;
			dstPath = /usr/share/man/man1/;
			dstSubfolderSpec = 0;
			files = (
			);
			runOnlyForDeploymentPostprocessing = 1;
		};
		3CB0A49F15AA795900D48892 /* Copy Job Servers */ = {
			isa = PBXCopyFilesBuildPhase;
			buildActionMask = 2147483647;
			dstPath = Contents/Library/LaunchServices;
			dstSubfolderSpec = 1;
			files = (
				3CB0A4A015AA799F00D48892 /* net.nevir.SampleApp.SampleServer in Copy Job Servers */,
			);
			name = "Copy Job Servers";
			runOnlyForDeploymentPostprocessing = 0;
		};
/* End PBXCopyFilesBuildPhase section */

/* Begin PBXFileReference section */
		3CB0A47115AA71AF00D48892 /* README.md */ = {isa = PBXFileReference; lastKnownFileType = text; path = README.md; sourceTree = "<group>"; };
		3CB0A48215AA731C00D48892 /* SMJobKit.framework */ = {isa = PBXFileReference; lastKnownFileType = wrapper.framework; name = SMJobKit.framework; path = "../../../Library/Developer/Xcode/DerivedData/SMJobKit-fliesfietiliwshiebehkxithcjq/Build/Products/Debug/SMJobKit.framework"; sourceTree = "<group>"; };
		3CB0A48815AA74DD00D48892 /* net.nevir.SampleApp.SampleServer */ = {isa = PBXFileReference; explicitFileType = "compiled.mach-o.executable"; includeInIndex = 0; path = net.nevir.SampleApp.SampleServer; sourceTree = BUILT_PRODUCTS_DIR; };
		3CB0A48A15AA74DD00D48892 /* Foundation.framework */ = {isa = PBXFileReference; lastKnownFileType = wrapper.framework; name = Foundation.framework; path = System/Library/Frameworks/Foundation.framework; sourceTree = SDKROOT; };
		3CB0A48D15AA74DD00D48892 /* main.m */ = {isa = PBXFileReference; lastKnownFileType = sourcecode.c.objc; path = main.m; sourceTree = "<group>"; };
		3CB0A49015AA74DD00D48892 /* SampleServer-Prefix.pch */ = {isa = PBXFileReference; lastKnownFileType = sourcecode.c.h; path = "SampleServer-Prefix.pch"; sourceTree = "<group>"; };
		3CB0A49815AA752D00D48892 /* Project-Debug.xcconfig */ = {isa = PBXFileReference; lastKnownFileType = text.xcconfig; path = "Project-Debug.xcconfig"; sourceTree = "<group>"; };
		3CB0A49915AA752D00D48892 /* Project-Release.xcconfig */ = {isa = PBXFileReference; lastKnownFileType = text.xcconfig; path = "Project-Release.xcconfig"; sourceTree = "<group>"; };
		3CB0A49A15AA752D00D48892 /* Project.xcconfig */ = {isa = PBXFileReference; lastKnownFileType = text.xcconfig; path = Project.xcconfig; sourceTree = "<group>"; };
		3CB0A49B15AA752D00D48892 /* SampleApp.xcconfig */ = {isa = PBXFileReference; lastKnownFileType = text.xcconfig; path = SampleApp.xcconfig; sourceTree = "<group>"; };
		3CB0A49C15AA752D00D48892 /* SampleServer.xcconfig */ = {isa = PBXFileReference; lastKnownFileType = text.xcconfig; path = SampleServer.xcconfig; sourceTree = "<group>"; };
		3CB0A49D15AA771C00D48892 /* SampleServer-Info.plist */ = {isa = PBXFileReference; lastKnownFileType = text.plist.xml; path = "SampleServer-Info.plist"; sourceTree = "<group>"; };
		3CB0A49E15AA771C00D48892 /* SampleServer-Launchd.plist */ = {isa = PBXFileReference; lastKnownFileType = text.plist.xml; path = "SampleServer-Launchd.plist"; sourceTree = "<group>"; };
		3CEA517E15AA6ECD0067D182 /* SampleApp.app */ = {isa = PBXFileReference; explicitFileType = wrapper.application; includeInIndex = 0; path = SampleApp.app; sourceTree = BUILT_PRODUCTS_DIR; };
		3CEA518215AA6ECD0067D182 /* Cocoa.framework */ = {isa = PBXFileReference; lastKnownFileType = wrapper.framework; name = Cocoa.framework; path = System/Library/Frameworks/Cocoa.framework; sourceTree = SDKROOT; };
		3CEA518515AA6ECD0067D182 /* AppKit.framework */ = {isa = PBXFileReference; lastKnownFileType = wrapper.framework; name = AppKit.framework; path = System/Library/Frameworks/AppKit.framework; sourceTree = SDKROOT; };
		3CEA518615AA6ECD0067D182 /* CoreData.framework */ = {isa = PBXFileReference; lastKnownFileType = wrapper.framework; name = CoreData.framework; path = System/Library/Frameworks/CoreData.framework; sourceTree = SDKROOT; };
		3CEA518715AA6ECD0067D182 /* Foundation.framework */ = {isa = PBXFileReference; lastKnownFileType = wrapper.framework; name = Foundation.framework; path = System/Library/Frameworks/Foundation.framework; sourceTree = SDKROOT; };
		3CEA518A15AA6ECD0067D182 /* SampleApp-Info.plist */ = {isa = PBXFileReference; lastKnownFileType = text.plist.xml; path = "SampleApp-Info.plist"; sourceTree = "<group>"; };
		3CEA518E15AA6ECD0067D182 /* main.m */ = {isa = PBXFileReference; lastKnownFileType = sourcecode.c.objc; path = main.m; sourceTree = "<group>"; };
		3CEA519015AA6ECD0067D182 /* SampleApp-Prefix.pch */ = {isa = PBXFileReference; lastKnownFileType = sourcecode.c.h; path = "SampleApp-Prefix.pch"; sourceTree = "<group>"; };
		3CEA519215AA6ECD0067D182 /* en */ = {isa = PBXFileReference; lastKnownFileType = text.rtf; name = en; path = en.lproj/Credits.rtf; sourceTree = "<group>"; };
		3CEA519415AA6ECD0067D182 /* AppDelegate.h */ = {isa = PBXFileReference; lastKnownFileType = sourcecode.c.h; path = AppDelegate.h; sourceTree = "<group>"; };
		3CEA519515AA6ECD0067D182 /* AppDelegate.m */ = {isa = PBXFileReference; lastKnownFileType = sourcecode.c.objc; path = AppDelegate.m; sourceTree = "<group>"; };
		3CEA519815AA6ECD0067D182 /* en */ = {isa = PBXFileReference; lastKnownFileType = file.xib; name = en; path = en.lproj/MainMenu.xib; sourceTree = "<group>"; };
/* End PBXFileReference section */

/* Begin PBXFrameworksBuildPhase section */
		3CB0A48515AA74DD00D48892 /* Frameworks */ = {
			isa = PBXFrameworksBuildPhase;
			buildActionMask = 2147483647;
			files = (
				3CB0A48B15AA74DD00D48892 /* Foundation.framework in Frameworks */,
			);
			runOnlyForDeploymentPostprocessing = 0;
		};
		3CEA517B15AA6ECD0067D182 /* Frameworks */ = {
			isa = PBXFrameworksBuildPhase;
			buildActionMask = 2147483647;
			files = (
				3CB0A48315AA731C00D48892 /* SMJobKit.framework in Frameworks */,
				3CEA518315AA6ECD0067D182 /* Cocoa.framework in Frameworks */,
			);
			runOnlyForDeploymentPostprocessing = 0;
		};
/* End PBXFrameworksBuildPhase section */

/* Begin PBXGroup section */
		3C7C437C15AA6EF8000694F8 /* Configuration */ = {
			isa = PBXGroup;
			children = (
				3CB0A49A15AA752D00D48892 /* Project.xcconfig */,
				3CB0A49815AA752D00D48892 /* Project-Debug.xcconfig */,
				3CB0A49915AA752D00D48892 /* Project-Release.xcconfig */,
				3CB0A49B15AA752D00D48892 /* SampleApp.xcconfig */,
				3CB0A49C15AA752D00D48892 /* SampleServer.xcconfig */,
			);
			path = Configuration;
			sourceTree = "<group>";
		};
		3CB0A48C15AA74DD00D48892 /* SampleServer */ = {
			isa = PBXGroup;
			children = (
				3CB0A48D15AA74DD00D48892 /* main.m */,
				3CB0A49615AA750300D48892 /* Supporting Files */,
			);
			path = SampleServer;
			sourceTree = "<group>";
		};
		3CB0A49615AA750300D48892 /* Supporting Files */ = {
			isa = PBXGroup;
			children = (
				3CB0A49D15AA771C00D48892 /* SampleServer-Info.plist */,
				3CB0A49E15AA771C00D48892 /* SampleServer-Launchd.plist */,
				3CB0A49015AA74DD00D48892 /* SampleServer-Prefix.pch */,
			);
			name = "Supporting Files";
			sourceTree = "<group>";
		};
		3CEA517315AA6ECD0067D182 = {
			isa = PBXGroup;
			children = (
				3CB0A47115AA71AF00D48892 /* README.md */,
				3C7C437C15AA6EF8000694F8 /* Configuration */,
				3CEA518815AA6ECD0067D182 /* SampleApp */,
				3CB0A48C15AA74DD00D48892 /* SampleServer */,
				3CEA518115AA6ECD0067D182 /* Frameworks */,
				3CEA517F15AA6ECD0067D182 /* Products */,
			);
			sourceTree = "<group>";
		};
		3CEA517F15AA6ECD0067D182 /* Products */ = {
			isa = PBXGroup;
			children = (
				3CEA517E15AA6ECD0067D182 /* SampleApp.app */,
				3CB0A48815AA74DD00D48892 /* net.nevir.SampleApp.SampleServer */,
			);
			name = Products;
			sourceTree = "<group>";
		};
		3CEA518115AA6ECD0067D182 /* Frameworks */ = {
			isa = PBXGroup;
			children = (
				3CB0A48215AA731C00D48892 /* SMJobKit.framework */,
				3CEA518215AA6ECD0067D182 /* Cocoa.framework */,
				3CB0A48A15AA74DD00D48892 /* Foundation.framework */,
				3CEA518415AA6ECD0067D182 /* Other Frameworks */,
			);
			name = Frameworks;
			sourceTree = "<group>";
		};
		3CEA518415AA6ECD0067D182 /* Other Frameworks */ = {
			isa = PBXGroup;
			children = (
				3CEA518515AA6ECD0067D182 /* AppKit.framework */,
				3CEA518615AA6ECD0067D182 /* CoreData.framework */,
				3CEA518715AA6ECD0067D182 /* Foundation.framework */,
			);
			name = "Other Frameworks";
			sourceTree = "<group>";
		};
		3CEA518815AA6ECD0067D182 /* SampleApp */ = {
			isa = PBXGroup;
			children = (
				3CEA519415AA6ECD0067D182 /* AppDelegate.h */,
				3CEA519515AA6ECD0067D182 /* AppDelegate.m */,
				3CEA519715AA6ECD0067D182 /* MainMenu.xib */,
				3CEA518915AA6ECD0067D182 /* Supporting Files */,
			);
			path = SampleApp;
			sourceTree = "<group>";
		};
		3CEA518915AA6ECD0067D182 /* Supporting Files */ = {
			isa = PBXGroup;
			children = (
				3CEA518A15AA6ECD0067D182 /* SampleApp-Info.plist */,
				3CEA518E15AA6ECD0067D182 /* main.m */,
				3CEA519015AA6ECD0067D182 /* SampleApp-Prefix.pch */,
				3CEA519115AA6ECD0067D182 /* Credits.rtf */,
			);
			name = "Supporting Files";
			sourceTree = "<group>";
		};
/* End PBXGroup section */

/* Begin PBXNativeTarget section */
		3CB0A48715AA74DD00D48892 /* SampleServer */ = {
			isa = PBXNativeTarget;
			buildConfigurationList = 3CB0A49315AA74DD00D48892 /* Build configuration list for PBXNativeTarget "SampleServer" */;
			buildPhases = (
				3CB0A48415AA74DD00D48892 /* Sources */,
				3CB0A48515AA74DD00D48892 /* Frameworks */,
				3CB0A48615AA74DD00D48892 /* CopyFiles */,
			);
			buildRules = (
			);
			dependencies = (
			);
			name = SampleServer;
			productName = SampleServer;
			productReference = 3CB0A48815AA74DD00D48892 /* net.nevir.SampleApp.SampleServer */;
			productType = "com.apple.product-type.tool";
		};
		3CEA517D15AA6ECD0067D182 /* SampleApp */ = {
			isa = PBXNativeTarget;
			buildConfigurationList = 3CEA519C15AA6ECD0067D182 /* Build configuration list for PBXNativeTarget "SampleApp" */;
			buildPhases = (
				3CEA517A15AA6ECD0067D182 /* Sources */,
				3CEA517B15AA6ECD0067D182 /* Frameworks */,
				3CB0A49F15AA795900D48892 /* Copy Job Servers */,
				3CEA517C15AA6ECD0067D182 /* Resources */,
			);
			buildRules = (
			);
			dependencies = (
			);
			name = SampleApp;
			productName = SampleApp;
			productReference = 3CEA517E15AA6ECD0067D182 /* SampleApp.app */;
			productType = "com.apple.product-type.application";
		};
/* End PBXNativeTarget section */

/* Begin PBXProject section */
		3CEA517515AA6ECD0067D182 /* Project object */ = {
			isa = PBXProject;
			attributes = {
				LastUpgradeCheck = 0450;
				ORGANIZATIONNAME = "Ian MacLeod";
			};
			buildConfigurationList = 3CEA517815AA6ECD0067D182 /* Build configuration list for PBXProject "SampleApp" */;
			compatibilityVersion = "Xcode 3.2";
			developmentRegion = English;
			hasScannedForEncodings = 0;
			knownRegions = (
				en,
			);
			mainGroup = 3CEA517315AA6ECD0067D182;
			productRefGroup = 3CEA517F15AA6ECD0067D182 /* Products */;
			projectDirPath = "";
			projectRoot = "";
			targets = (
				3CEA517D15AA6ECD0067D182 /* SampleApp */,
				3CB0A48715AA74DD00D48892 /* SampleServer */,
			);
		};
/* End PBXProject section */

/* Begin PBXResourcesBuildPhase section */
		3CEA517C15AA6ECD0067D182 /* Resources */ = {
			isa = PBXResourcesBuildPhase;
			buildActionMask = 2147483647;
			files = (
				3CEA519315AA6ECD0067D182 /* Credits.rtf in Resources */,
				3CEA519915AA6ECD0067D182 /* MainMenu.xib in Resources */,
			);
			runOnlyForDeploymentPostprocessing = 0;
		};
/* End PBXResourcesBuildPhase section */

/* Begin PBXSourcesBuildPhase section */
		3CB0A48415AA74DD00D48892 /* Sources */ = {
			isa = PBXSourcesBuildPhase;
			buildActionMask = 2147483647;
			files = (
				3CB0A48E15AA74DD00D48892 /* main.m in Sources */,
			);
			runOnlyForDeploymentPostprocessing = 0;
		};
		3CEA517A15AA6ECD0067D182 /* Sources */ = {
			isa = PBXSourcesBuildPhase;
			buildActionMask = 2147483647;
			files = (
				3CEA518F15AA6ECD0067D182 /* main.m in Sources */,
				3CEA519615AA6ECD0067D182 /* AppDelegate.m in Sources */,
			);
			runOnlyForDeploymentPostprocessing = 0;
		};
/* End PBXSourcesBuildPhase section */

/* Begin PBXVariantGroup section */
		3CEA519115AA6ECD0067D182 /* Credits.rtf */ = {
			isa = PBXVariantGroup;
			children = (
				3CEA519215AA6ECD0067D182 /* en */,
			);
			name = Credits.rtf;
			sourceTree = "<group>";
		};
		3CEA519715AA6ECD0067D182 /* MainMenu.xib */ = {
			isa = PBXVariantGroup;
			children = (
				3CEA519815AA6ECD0067D182 /* en */,
			);
			name = MainMenu.xib;
			sourceTree = "<group>";
		};
/* End PBXVariantGroup section */

/* Begin XCBuildConfiguration section */
		3CB0A49415AA74DD00D48892 /* Debug */ = {
			isa = XCBuildConfiguration;
			baseConfigurationReference = 3CB0A49C15AA752D00D48892 /* SampleServer.xcconfig */;
			buildSettings = {
				GCC_OPTIMIZATION_LEVEL = 0;
			};
			name = Debug;
		};
		3CB0A49515AA74DD00D48892 /* Release */ = {
			isa = XCBuildConfiguration;
			baseConfigurationReference = 3CB0A49C15AA752D00D48892 /* SampleServer.xcconfig */;
			buildSettings = {
			};
			name = Release;
		};
		3CEA519A15AA6ECD0067D182 /* Debug */ = {
			isa = XCBuildConfiguration;
			baseConfigurationReference = 3CB0A49815AA752D00D48892 /* Project-Debug.xcconfig */;
			buildSettings = {
			};
			name = Debug;
		};
		3CEA519B15AA6ECD0067D182 /* Release */ = {
			isa = XCBuildConfiguration;
			baseConfigurationReference = 3CB0A49915AA752D00D48892 /* Project-Release.xcconfig */;
			buildSettings = {
			};
			name = Release;
		};
		3CEA519D15AA6ECD0067D182 /* Debug */ = {
			isa = XCBuildConfiguration;
			baseConfigurationReference = 3CB0A49B15AA752D00D48892 /* SampleApp.xcconfig */;
			buildSettings = {
				FRAMEWORK_SEARCH_PATHS = (
					"$(inherited)",
					"\"$(SRCROOT)/../../../Library/Developer/Xcode/DerivedData/SMJobKit-fliesfietiliwshiebehkxithcjq/Build/Products/Debug\"",
				);
			};
			name = Debug;
		};
		3CEA519E15AA6ECD0067D182 /* Release */ = {
			isa = XCBuildConfiguration;
			baseConfigurationReference = 3CB0A49B15AA752D00D48892 /* SampleApp.xcconfig */;
			buildSettings = {
				FRAMEWORK_SEARCH_PATHS = (
					"$(inherited)",
					"\"$(SRCROOT)/../../../Library/Developer/Xcode/DerivedData/SMJobKit-fliesfietiliwshiebehkxithcjq/Build/Products/Debug\"",
				);
			};
			name = Release;
		};
/* End XCBuildConfiguration section */

/* Begin XCConfigurationList section */
		3CB0A49315AA74DD00D48892 /* Build configuration list for PBXNativeTarget "SampleServer" */ = {
			isa = XCConfigurationList;
			buildConfigurations = (
				3CB0A49415AA74DD00D48892 /* Debug */,
				3CB0A49515AA74DD00D48892 /* Release */,
			);
			defaultConfigurationIsVisible = 0;
		};
		3CEA517815AA6ECD0067D182 /* Build configuration list for PBXProject "SampleApp" */ = {
			isa = XCConfigurationList;
			buildConfigurations = (
				3CEA519A15AA6ECD0067D182 /* Debug */,
				3CEA519B15AA6ECD0067D182 /* Release */,
			);
			defaultConfigurationIsVisible = 0;
			defaultConfigurationName = Release;
		};
		3CEA519C15AA6ECD0067D182 /* Build configuration list for PBXNativeTarget "SampleApp" */ = {
			isa = XCConfigurationList;
			buildConfigurations = (
				3CEA519D15AA6ECD0067D182 /* Debug */,
				3CEA519E15AA6ECD0067D182 /* Release */,
			);
			defaultConfigurationIsVisible = 0;
			defaultConfigurationName = Release;
		};
/* End XCConfigurationList section */
	};
	rootObject = 3CEA517515AA6ECD0067D182 /* Project object */;
}
