// !$*UTF8*$!
{
	archiveVersion = 1;
	classes = {
	};
	objectVersion = 46;
	objects = {

/* Begin PBXBuildFile section */
		3CE1859B15C64C1000A8FB57 /* Cocoa.framework in Frameworks */ = {isa = PBXBuildFile; fileRef = 3CE1859A15C64C1000A8FB57 /* Cocoa.framework */; };
		3CE185A515C64C1000A8FB57 /* InfoPlist.strings in Resources */ = {isa = PBXBuildFile; fileRef = 3CE185A315C64C1000A8FB57 /* InfoPlist.strings */; };
		3CE185A715C64C1000A8FB57 /* main.m in Sources */ = {isa = PBXBuildFile; fileRef = 3CE185A615C64C1000A8FB57 /* main.m */; };
		3CE185AB15C64C1000A8FB57 /* Credits.rtf in Resources */ = {isa = PBXBuildFile; fileRef = 3CE185A915C64C1000A8FB57 /* Credits.rtf */; };
		3CE185AE15C64C1000A8FB57 /* AppDelegate.m in Sources */ = {isa = PBXBuildFile; fileRef = 3CE185AD15C64C1000A8FB57 /* AppDelegate.m */; };
		3CE185B115C64C1000A8FB57 /* MainMenu.xib in Resources */ = {isa = PBXBuildFile; fileRef = 3CE185AF15C64C1000A8FB57 /* MainMenu.xib */; };
		3CE185B715C64C1000A8FB57 /* SampleService.m in Sources */ = {isa = PBXBuildFile; fileRef = 3CE185B615C64C1000A8FB57 /* SampleService.m */; };
		3CE185C115C64C1000A8FB57 /* Foundation.framework in Frameworks */ = {isa = PBXBuildFile; fileRef = 3CE185C015C64C1000A8FB57 /* Foundation.framework */; };
		3CE185C415C64C1000A8FB57 /* main.m in Sources */ = {isa = PBXBuildFile; fileRef = 3CE185C315C64C1000A8FB57 /* main.m */; };
		3CE185CF15C64C2A00A8FB57 /* net.nevir.SMJobKit.SampleApplication.SampleService in Copy Services */ = {isa = PBXBuildFile; fileRef = 3CE185BC15C64C1000A8FB57 /* net.nevir.SMJobKit.SampleApplication.SampleService */; };
		3CE185D115C64CA500A8FB57 /* SMJobKit.framework in Frameworks */ = {isa = PBXBuildFile; fileRef = 3CE185D015C64CA500A8FB57 /* SMJobKit.framework */; };
		3CE185D315C64CAA00A8FB57 /* libSMJService.a in Frameworks */ = {isa = PBXBuildFile; fileRef = 3CE185D215C64CAA00A8FB57 /* libSMJService.a */; };
/* End PBXBuildFile section */

/* Begin PBXContainerItemProxy section */
		3CE185BE15C64C1000A8FB57 /* PBXContainerItemProxy */ = {
			isa = PBXContainerItemProxy;
			containerPortal = 3CE1858B15C64C1000A8FB57 /* Project object */;
			proxyType = 1;
			remoteGlobalIDString = 3CE185BB15C64C1000A8FB57;
			remoteInfo = SampleService;
		};
/* End PBXContainerItemProxy section */

/* Begin PBXCopyFilesBuildPhase section */
		3CE1859415C64C1000A8FB57 /* Copy Services */ = {
			isa = PBXCopyFilesBuildPhase;
			buildActionMask = 2147483647;
			dstPath = Contents/Library/LaunchServices;
			dstSubfolderSpec = 1;
			files = (
				3CE185CF15C64C2A00A8FB57 /* net.nevir.SMJobKit.SampleApplication.SampleService in Copy Services */,
			);
			name = "Copy Services";
			runOnlyForDeploymentPostprocessing = 0;
		};
/* End PBXCopyFilesBuildPhase section */

/* Begin PBXFileReference section */
		3CE1859615C64C1000A8FB57 /* SampleApplication.app */ = {isa = PBXFileReference; explicitFileType = wrapper.application; includeInIndex = 0; path = SampleApplication.app; sourceTree = BUILT_PRODUCTS_DIR; };
		3CE1859A15C64C1000A8FB57 /* Cocoa.framework */ = {isa = PBXFileReference; lastKnownFileType = wrapper.framework; name = Cocoa.framework; path = System/Library/Frameworks/Cocoa.framework; sourceTree = SDKROOT; };
		3CE1859D15C64C1000A8FB57 /* AppKit.framework */ = {isa = PBXFileReference; lastKnownFileType = wrapper.framework; name = AppKit.framework; path = System/Library/Frameworks/AppKit.framework; sourceTree = SDKROOT; };
		3CE1859E15C64C1000A8FB57 /* CoreData.framework */ = {isa = PBXFileReference; lastKnownFileType = wrapper.framework; name = CoreData.framework; path = System/Library/Frameworks/CoreData.framework; sourceTree = SDKROOT; };
		3CE1859F15C64C1000A8FB57 /* Foundation.framework */ = {isa = PBXFileReference; lastKnownFileType = wrapper.framework; name = Foundation.framework; path = System/Library/Frameworks/Foundation.framework; sourceTree = SDKROOT; };
		3CE185A215C64C1000A8FB57 /* SampleApplication-Info.plist */ = {isa = PBXFileReference; lastKnownFileType = text.plist.xml; path = "SampleApplication-Info.plist"; sourceTree = "<group>"; };
		3CE185A415C64C1000A8FB57 /* en */ = {isa = PBXFileReference; lastKnownFileType = text.plist.strings; name = en; path = en.lproj/InfoPlist.strings; sourceTree = "<group>"; };
		3CE185A615C64C1000A8FB57 /* main.m */ = {isa = PBXFileReference; lastKnownFileType = sourcecode.c.objc; path = main.m; sourceTree = "<group>"; };
		3CE185A815C64C1000A8FB57 /* SampleApplication-Prefix.pch */ = {isa = PBXFileReference; lastKnownFileType = sourcecode.c.h; path = "SampleApplication-Prefix.pch"; sourceTree = "<group>"; };
		3CE185AA15C64C1000A8FB57 /* en */ = {isa = PBXFileReference; lastKnownFileType = text.rtf; name = en; path = en.lproj/Credits.rtf; sourceTree = "<group>"; };
		3CE185AC15C64C1000A8FB57 /* AppDelegate.h */ = {isa = PBXFileReference; lastKnownFileType = sourcecode.c.h; path = AppDelegate.h; sourceTree = "<group>"; };
		3CE185AD15C64C1000A8FB57 /* AppDelegate.m */ = {isa = PBXFileReference; lastKnownFileType = sourcecode.c.objc; path = AppDelegate.m; sourceTree = "<group>"; };
		3CE185B015C64C1000A8FB57 /* en */ = {isa = PBXFileReference; lastKnownFileType = file.xib; name = en; path = en.lproj/MainMenu.xib; sourceTree = "<group>"; };
		3CE185B515C64C1000A8FB57 /* SampleService.h */ = {isa = PBXFileReference; lastKnownFileType = sourcecode.c.h; path = SampleService.h; sourceTree = "<group>"; };
		3CE185B615C64C1000A8FB57 /* SampleService.m */ = {isa = PBXFileReference; lastKnownFileType = sourcecode.c.objc; path = SampleService.m; sourceTree = "<group>"; };
		3CE185BC15C64C1000A8FB57 /* net.nevir.SMJobKit.SampleApplication.SampleService */ = {isa = PBXFileReference; explicitFileType = "compiled.mach-o.executable"; includeInIndex = 0; path = net.nevir.SMJobKit.SampleApplication.SampleService; sourceTree = BUILT_PRODUCTS_DIR; };
		3CE185C015C64C1000A8FB57 /* Foundation.framework */ = {isa = PBXFileReference; lastKnownFileType = wrapper.framework; name = Foundation.framework; path = /System/Library/Frameworks/Foundation.framework; sourceTree = "<absolute>"; };
		3CE185C315C64C1000A8FB57 /* main.m */ = {isa = PBXFileReference; lastKnownFileType = sourcecode.c.objc; path = main.m; sourceTree = "<group>"; };
		3CE185C515C64C1000A8FB57 /* SampleService-Info.plist */ = {isa = PBXFileReference; lastKnownFileType = text.plist.xml; path = "SampleService-Info.plist"; sourceTree = "<group>"; };
		3CE185C615C64C1000A8FB57 /* SampleService-Launchd.plist */ = {isa = PBXFileReference; lastKnownFileType = text.plist.xml; path = "SampleService-Launchd.plist"; sourceTree = "<group>"; };
		3CE185D015C64CA500A8FB57 /* SMJobKit.framework */ = {isa = PBXFileReference; lastKnownFileType = wrapper.framework; name = SMJobKit.framework; path = "../../../Library/Developer/Xcode/DerivedData/SMJobKit-fliesfietiliwshiebehkxithcjq/Build/Products/Debug/SMJobKit.framework"; sourceTree = "<group>"; };
		3CE185D215C64CAA00A8FB57 /* libSMJService.a */ = {isa = PBXFileReference; lastKnownFileType = archive.ar; name = libSMJService.a; path = "../../../Library/Developer/Xcode/DerivedData/SMJobKit-fliesfietiliwshiebehkxithcjq/Build/Products/Debug/libSMJService.a"; sourceTree = "<group>"; };
/* End PBXFileReference section */

/* Begin PBXFrameworksBuildPhase section */
		3CE1859115C64C1000A8FB57 /* Frameworks */ = {
			isa = PBXFrameworksBuildPhase;
			buildActionMask = 2147483647;
			files = (
				3CE185D115C64CA500A8FB57 /* SMJobKit.framework in Frameworks */,
				3CE1859B15C64C1000A8FB57 /* Cocoa.framework in Frameworks */,
			);
			runOnlyForDeploymentPostprocessing = 0;
		};
		3CE185BA15C64C1000A8FB57 /* Frameworks */ = {
			isa = PBXFrameworksBuildPhase;
			buildActionMask = 2147483647;
			files = (
				3CE185D315C64CAA00A8FB57 /* libSMJService.a in Frameworks */,
				3CE185C115C64C1000A8FB57 /* Foundation.framework in Frameworks */,
			);
			runOnlyForDeploymentPostprocessing = 0;
		};
/* End PBXFrameworksBuildPhase section */

/* Begin PBXGroup section */
		3CE1858915C64C1000A8FB57 = {
			isa = PBXGroup;
			children = (
				3CE185A015C64C1000A8FB57 /* SampleApplication */,
				3CE185C215C64C1000A8FB57 /* SampleService */,
				3CE1859915C64C1000A8FB57 /* Frameworks */,
				3CE1859715C64C1000A8FB57 /* Products */,
			);
			sourceTree = "<group>";
		};
		3CE1859715C64C1000A8FB57 /* Products */ = {
			isa = PBXGroup;
			children = (
				3CE1859615C64C1000A8FB57 /* SampleApplication.app */,
				3CE185BC15C64C1000A8FB57 /* net.nevir.SMJobKit.SampleApplication.SampleService */,
			);
			name = Products;
			sourceTree = "<group>";
		};
		3CE1859915C64C1000A8FB57 /* Frameworks */ = {
			isa = PBXGroup;
			children = (
				3CE185D215C64CAA00A8FB57 /* libSMJService.a */,
				3CE185D015C64CA500A8FB57 /* SMJobKit.framework */,
				3CE1859A15C64C1000A8FB57 /* Cocoa.framework */,
				3CE185C015C64C1000A8FB57 /* Foundation.framework */,
				3CE1859C15C64C1000A8FB57 /* Other Frameworks */,
			);
			name = Frameworks;
			sourceTree = "<group>";
		};
		3CE1859C15C64C1000A8FB57 /* Other Frameworks */ = {
			isa = PBXGroup;
			children = (
				3CE1859D15C64C1000A8FB57 /* AppKit.framework */,
				3CE1859E15C64C1000A8FB57 /* CoreData.framework */,
				3CE1859F15C64C1000A8FB57 /* Foundation.framework */,
			);
			name = "Other Frameworks";
			sourceTree = "<group>";
		};
		3CE185A015C64C1000A8FB57 /* SampleApplication */ = {
			isa = PBXGroup;
			children = (
				3CE185AC15C64C1000A8FB57 /* AppDelegate.h */,
				3CE185AD15C64C1000A8FB57 /* AppDelegate.m */,
				3CE185AF15C64C1000A8FB57 /* MainMenu.xib */,
				3CE185B415C64C1000A8FB57 /* Service Clients */,
				3CE185A115C64C1000A8FB57 /* Supporting Files */,
			);
			path = SampleApplication;
			sourceTree = "<group>";
		};
		3CE185A115C64C1000A8FB57 /* Supporting Files */ = {
			isa = PBXGroup;
			children = (
				3CE185A215C64C1000A8FB57 /* SampleApplication-Info.plist */,
				3CE185A315C64C1000A8FB57 /* InfoPlist.strings */,
				3CE185A615C64C1000A8FB57 /* main.m */,
				3CE185A815C64C1000A8FB57 /* SampleApplication-Prefix.pch */,
				3CE185A915C64C1000A8FB57 /* Credits.rtf */,
			);
			name = "Supporting Files";
			sourceTree = "<group>";
		};
		3CE185B415C64C1000A8FB57 /* Service Clients */ = {
			isa = PBXGroup;
			children = (
				3CE185B515C64C1000A8FB57 /* SampleService.h */,
				3CE185B615C64C1000A8FB57 /* SampleService.m */,
			);
			name = "Service Clients";
			sourceTree = "<group>";
		};
		3CE185C215C64C1000A8FB57 /* SampleService */ = {
			isa = PBXGroup;
			children = (
				3CE185C315C64C1000A8FB57 /* main.m */,
				3CE185C515C64C1000A8FB57 /* SampleService-Info.plist */,
				3CE185C615C64C1000A8FB57 /* SampleService-Launchd.plist */,
			);
			path = SampleService;
			sourceTree = "<group>";
		};
/* End PBXGroup section */

/* Begin PBXNativeTarget section */
		3CE1859515C64C1000A8FB57 /* SampleApplication */ = {
			isa = PBXNativeTarget;
			buildConfigurationList = 3CE185CC15C64C1000A8FB57 /* Build configuration list for PBXNativeTarget "SampleApplication" */;
			buildPhases = (
				3CE1859015C64C1000A8FB57 /* Sources */,
				3CE1859115C64C1000A8FB57 /* Frameworks */,
				3CE1859215C64C1000A8FB57 /* Resources */,
				3CE1859315C64C1000A8FB57 /* Postprocess Info.plist */,
				3CE1859415C64C1000A8FB57 /* Copy Services */,
			);
			buildRules = (
			);
			dependencies = (
				3CE185BF15C64C1000A8FB57 /* PBXTargetDependency */,
			);
			name = SampleApplication;
			productName = SampleApplication;
			productReference = 3CE1859615C64C1000A8FB57 /* SampleApplication.app */;
			productType = "com.apple.product-type.application";
		};
		3CE185BB15C64C1000A8FB57 /* SampleService */ = {
			isa = PBXNativeTarget;
			buildConfigurationList = 3CE185C915C64C1000A8FB57 /* Build configuration list for PBXNativeTarget "SampleService" */;
			buildPhases = (
				3CE185B815C64C1000A8FB57 /* Preprocess Resources */,
				3CE185B915C64C1000A8FB57 /* Sources */,
				3CE185BA15C64C1000A8FB57 /* Frameworks */,
			);
			buildRules = (
			);
			dependencies = (
			);
			name = SampleService;
			productName = SampleService;
			productReference = 3CE185BC15C64C1000A8FB57 /* net.nevir.SMJobKit.SampleApplication.SampleService */;
			productType = "com.apple.product-type.tool";
		};
/* End PBXNativeTarget section */

/* Begin PBXProject section */
		3CE1858B15C64C1000A8FB57 /* Project object */ = {
			isa = PBXProject;
			attributes = {
				LastUpgradeCheck = 0450;
				ORGANIZATIONNAME = "Ian MacLeod";
			};
			buildConfigurationList = 3CE1858E15C64C1000A8FB57 /* Build configuration list for PBXProject "SampleApplication" */;
			compatibilityVersion = "Xcode 3.2";
			developmentRegion = English;
			hasScannedForEncodings = 0;
			knownRegions = (
				en,
			);
			mainGroup = 3CE1858915C64C1000A8FB57;
			productRefGroup = 3CE1859715C64C1000A8FB57 /* Products */;
			projectDirPath = "";
			projectRoot = "";
			targets = (
				3CE1859515C64C1000A8FB57 /* SampleApplication */,
				3CE185BB15C64C1000A8FB57 /* SampleService */,
			);
		};
/* End PBXProject section */

/* Begin PBXResourcesBuildPhase section */
		3CE1859215C64C1000A8FB57 /* Resources */ = {
			isa = PBXResourcesBuildPhase;
			buildActionMask = 2147483647;
			files = (
				3CE185A515C64C1000A8FB57 /* InfoPlist.strings in Resources */,
				3CE185AB15C64C1000A8FB57 /* Credits.rtf in Resources */,
				3CE185B115C64C1000A8FB57 /* MainMenu.xib in Resources */,
			);
			runOnlyForDeploymentPostprocessing = 0;
		};
/* End PBXResourcesBuildPhase section */

/* Begin PBXShellScriptBuildPhase section */
		3CE1859315C64C1000A8FB57 /* Postprocess Info.plist */ = {
			isa = PBXShellScriptBuildPhase;
			buildActionMask = 2147483647;
			files = (
			);
			inputPaths = (
			);
			name = "Postprocess Info.plist";
			outputPaths = (
			);
			runOnlyForDeploymentPostprocessing = 0;
			shellPath = "/usr/bin/env ruby";
			shellScript = "# Postprocessing for your info.plist.  Primarily so that we can inject your full dev certificate name.\n\nrequire 'cgi'\nrequire 'fileutils'\n\nmissing_keys = ['BUILD_DIR', 'CODE_SIGN_IDENTITY', 'TARGET_BUILD_DIR', 'INFOPLIST_PATH'] - ENV.keys\nraise \"Missing required ENV values: #{missing_keys.inspect}\" if missing_keys.size > 0\n\nfiles_to_postprocess = [ENV['INFOPLIST_PATH']]\n\n\n# FULL_CODE_SIGN_IDENTITY\n# -----------------------\ndummy_path = \"#{ENV['BUILD_DIR']}/SMJobKitCodeSigningDummy\"\n\nidentity = ENV['CODE_SIGN_IDENTITY']\n# If you use the generic code signing identity, chances are that it'll conflict.\nidentity = \"#{identity}:\" if identity.end_with? ' Developer'\n\n# We can't seem to get direct access to the code signing certificate that Xcode has\n# selected at this point :(\n`touch #{dummy_path}`\n`codesign --force --sign \"#{identity}\" \"#{dummy_path}\"`\nresult = `codesign --display --verbose --verbose \"#{dummy_path}\" 2>&1`\n`rm #{dummy_path}`\n\nENV['FULL_CODE_SIGN_IDENTITY'] = result[/Authority\\=(.*#{Regexp.escape(identity)}.*)/, 1]\n\n\n# Actual Preprocessing\n# --------------------\n\nfiles_to_postprocess.each do |path|\n  target_path = File.join(ENV['TARGET_BUILD_DIR'], path)\n\n  input = open(target_path).read\n  open(target_path, 'w') do |output|\n    # Specify macros via [[[VAR_NAME]]] to avoid clashes w/ regular plist preprocessing.\n    output.write input.gsub(/\\[\\[\\[([A-Z_]+)\\]\\]\\]/) { CGI.escapeHTML(ENV[$1]) }\n  end\nend";
		};
		3CE185B815C64C1000A8FB57 /* Preprocess Resources */ = {
			isa = PBXShellScriptBuildPhase;
			buildActionMask = 2147483647;
			files = (
			);
			inputPaths = (
			);
			name = "Preprocess Resources";
			outputPaths = (
			);
			runOnlyForDeploymentPostprocessing = 0;
			shellPath = "/usr/bin/env ruby";
			shellScript = "# Generic preprocessing for ${ENV_VAR} with output to the build dir.\n\nrequire 'cgi'\nrequire 'fileutils'\n\nmissing_keys = ['BUILD_DIR', 'CODE_SIGN_IDENTITY', 'SMJ_PREPROCESS_FILES', 'SMJ_PREPROCESS_DIR'] - ENV.keys\nraise \"Missing required ENV values: #{missing_keys.inspect}\" if missing_keys.size > 0\n\n# SMJ_PREPROCESS_FILES is a comma-separated list of *relative* file paths to preprocess\n#  and spit out into the SMJ_PREPROCESS_DIR (w/ the same relative paths as given)\nfiles_to_preprocess = ENV['SMJ_PREPROCESS_FILES'].split(',').map(&:strip)\n\n\n# Environment Cleanup\n# -------------------\ndummy_path = \"#{ENV['BUILD_DIR']}/SMJobKitCodeSigningDummy\"\n\nidentity = ENV['CODE_SIGN_IDENTITY']\n# If you use the generic code signing identity, chances are that it'll conflict.\nidentity = \"#{identity}:\" if identity.end_with? ' Developer'\n\n# We can't seem to get direct access to the code signing certificate that Xcode has\n# selected at this point :(\n`touch #{dummy_path}`\n`codesign --force --sign \"#{identity}\" \"#{dummy_path}\"`\nresult = `codesign --display --verbose --verbose \"#{dummy_path}\" 2>&1`\n`rm #{dummy_path}`\n\nENV['FULL_CODE_SIGN_IDENTITY'] = result[/Authority\\=(.*#{Regexp.escape(identity)}.*)/, 1]\n\n\n# Actual Preprocessing\n# --------------------\n\nfiles_to_preprocess.each do |path|\n  target_path = File.join(ENV['SMJ_PREPROCESS_DIR'], path)\n  FileUtils.mkpath File.dirname(target_path)\n\n  open(path) do |input|\n    open(target_path, 'w') do |output|\n      # Specify macros via ${VAR_NAME} in the preprocessed file.  Same as regular\n      # Info.plist preprocessing.\n      output.write input.read.gsub(/\\$\\{([A-Z_]+)\\}/) { CGI.escapeHTML(ENV[$1]) }\n    end\n    puts target_path\n  end\nend";
		};
/* End PBXShellScriptBuildPhase section */

/* Begin PBXSourcesBuildPhase section */
		3CE1859015C64C1000A8FB57 /* Sources */ = {
			isa = PBXSourcesBuildPhase;
			buildActionMask = 2147483647;
			files = (
				3CE185A715C64C1000A8FB57 /* main.m in Sources */,
				3CE185AE15C64C1000A8FB57 /* AppDelegate.m in Sources */,
				3CE185B715C64C1000A8FB57 /* SampleService.m in Sources */,
			);
			runOnlyForDeploymentPostprocessing = 0;
		};
		3CE185B915C64C1000A8FB57 /* Sources */ = {
			isa = PBXSourcesBuildPhase;
			buildActionMask = 2147483647;
			files = (
				3CE185C415C64C1000A8FB57 /* main.m in Sources */,
			);
			runOnlyForDeploymentPostprocessing = 0;
		};
/* End PBXSourcesBuildPhase section */

/* Begin PBXTargetDependency section */
		3CE185BF15C64C1000A8FB57 /* PBXTargetDependency */ = {
			isa = PBXTargetDependency;
			target = 3CE185BB15C64C1000A8FB57 /* SampleService */;
			targetProxy = 3CE185BE15C64C1000A8FB57 /* PBXContainerItemProxy */;
		};
/* End PBXTargetDependency section */

/* Begin PBXVariantGroup section */
		3CE185A315C64C1000A8FB57 /* InfoPlist.strings */ = {
			isa = PBXVariantGroup;
			children = (
				3CE185A415C64C1000A8FB57 /* en */,
			);
			name = InfoPlist.strings;
			sourceTree = "<group>";
		};
		3CE185A915C64C1000A8FB57 /* Credits.rtf */ = {
			isa = PBXVariantGroup;
			children = (
				3CE185AA15C64C1000A8FB57 /* en */,
			);
			name = Credits.rtf;
			sourceTree = "<group>";
		};
		3CE185AF15C64C1000A8FB57 /* MainMenu.xib */ = {
			isa = PBXVariantGroup;
			children = (
				3CE185B015C64C1000A8FB57 /* en */,
			);
			name = MainMenu.xib;
			sourceTree = "<group>";
		};
/* End PBXVariantGroup section */

/* Begin XCBuildConfiguration section */
		3CE185C715C64C1000A8FB57 /* Debug */ = {
			isa = XCBuildConfiguration;
			buildSettings = {
				ALWAYS_SEARCH_USER_PATHS = NO;
				ARCHS = "$(ARCHS_STANDARD_64_BIT)";
				CLANG_CXX_LANGUAGE_STANDARD = "gnu++0x";
				CLANG_CXX_LIBRARY = "libc++";
				CLANG_ENABLE_OBJC_ARC = YES;
				CLANG_WARN__DUPLICATE_METHOD_MATCH = YES;
				COPY_PHASE_STRIP = NO;
				GCC_C_LANGUAGE_STANDARD = gnu99;
				GCC_DYNAMIC_NO_PIC = NO;
				GCC_ENABLE_OBJC_EXCEPTIONS = YES;
				GCC_OPTIMIZATION_LEVEL = 0;
				GCC_PREPROCESSOR_DEFINITIONS = (
					"DEBUG=1",
					"$(inherited)",
				);
				GCC_SYMBOLS_PRIVATE_EXTERN = NO;
				GCC_WARN_64_TO_32_BIT_CONVERSION = YES;
				GCC_WARN_ABOUT_RETURN_TYPE = YES;
				GCC_WARN_UNINITIALIZED_AUTOS = YES;
				GCC_WARN_UNUSED_VARIABLE = YES;
				MACOSX_DEPLOYMENT_TARGET = 10.7;
				ONLY_ACTIVE_ARCH = YES;
				SDKROOT = macosx;
			};
			name = Debug;
		};
		3CE185C815C64C1000A8FB57 /* Release */ = {
			isa = XCBuildConfiguration;
			buildSettings = {
				ALWAYS_SEARCH_USER_PATHS = NO;
				ARCHS = "$(ARCHS_STANDARD_64_BIT)";
				CLANG_CXX_LANGUAGE_STANDARD = "gnu++0x";
				CLANG_CXX_LIBRARY = "libc++";
				CLANG_ENABLE_OBJC_ARC = YES;
				CLANG_WARN__DUPLICATE_METHOD_MATCH = YES;
				COPY_PHASE_STRIP = YES;
				DEBUG_INFORMATION_FORMAT = "dwarf-with-dsym";
				GCC_C_LANGUAGE_STANDARD = gnu99;
				GCC_ENABLE_OBJC_EXCEPTIONS = YES;
				GCC_WARN_64_TO_32_BIT_CONVERSION = YES;
				GCC_WARN_ABOUT_RETURN_TYPE = YES;
				GCC_WARN_UNINITIALIZED_AUTOS = YES;
				GCC_WARN_UNUSED_VARIABLE = YES;
				MACOSX_DEPLOYMENT_TARGET = 10.7;
				SDKROOT = macosx;
			};
			name = Release;
		};
		3CE185CA15C64C1000A8FB57 /* Debug */ = {
			isa = XCBuildConfiguration;
			buildSettings = {
				CODE_SIGN_IDENTITY = "Mac Developer";
				LIBRARY_SEARCH_PATHS = (
					"$(inherited)",
					"\"$(SRCROOT)/../../../Library/Developer/Xcode/DerivedData/SMJobKit-fliesfietiliwshiebehkxithcjq/Build/Products/Debug\"",
				);
				OTHER_LDFLAGS = (
					"-sectcreate",
					__TEXT,
					__info_plist,
					"\"$(SMJ_PREPROCESS_DIR)/SampleService/SampleService-Info.plist\"",
					"-sectcreate",
					__TEXT,
					__launchd_plist,
					"\"$(SMJ_PREPROCESS_DIR)/SampleService/SampleService-Launchd.plist\"",
				);
				PARENT_APPLICATION_IDENTIFIER = "net.nevir.SMJobKit.$(PROJECT_NAME)";
				PRODUCT_NAME = "net.nevir.SMJobKit.$(PROJECT_NAME).$(TARGET_NAME)";
				SMJ_PREPROCESS_DIR = "$(BUILD_DIR)/Preprocessed";
				SMJ_PREPROCESS_FILES = "SampleService/SampleService-Info.plist, SampleService/SampleService-Launchd.plist";
			};
			name = Debug;
		};
		3CE185CB15C64C1000A8FB57 /* Release */ = {
			isa = XCBuildConfiguration;
			buildSettings = {
				CODE_SIGN_IDENTITY = "Mac Developer";
				LIBRARY_SEARCH_PATHS = (
					"$(inherited)",
					"\"$(SRCROOT)/../../../Library/Developer/Xcode/DerivedData/SMJobKit-fliesfietiliwshiebehkxithcjq/Build/Products/Debug\"",
				);
				OTHER_LDFLAGS = (
					"-sectcreate",
					__TEXT,
					__info_plist,
					"\"$(SMJ_PREPROCESS_DIR)/SampleService/SampleService-Info.plist\"",
					"-sectcreate",
					__TEXT,
					__launchd_plist,
					"\"$(SMJ_PREPROCESS_DIR)/SampleService/SampleService-Launchd.plist\"",
				);
				PARENT_APPLICATION_IDENTIFIER = "net.nevir.SMJobKit.$(PROJECT_NAME)";
				PRODUCT_NAME = "net.nevir.SMJobKit.$(PROJECT_NAME).$(TARGET_NAME)";
				SMJ_PREPROCESS_DIR = "$(BUILD_DIR)/Preprocessed";
				SMJ_PREPROCESS_FILES = "SampleService/SampleService-Info.plist, SampleService/SampleService-Launchd.plist";
			};
			name = Release;
		};
		3CE185CD15C64C1000A8FB57 /* Debug */ = {
			isa = XCBuildConfiguration;
			buildSettings = {
				CODE_SIGN_IDENTITY = "Mac Developer";
				COMBINE_HIDPI_IMAGES = YES;
				FRAMEWORK_SEARCH_PATHS = (
					"$(inherited)",
					"\"$(SRCROOT)/../../../Library/Developer/Xcode/DerivedData/SMJobKit-fliesfietiliwshiebehkxithcjq/Build/Products/Debug\"",
				);
				GCC_PRECOMPILE_PREFIX_HEADER = YES;
				GCC_PREFIX_HEADER = "SampleApplication/SampleApplication-Prefix.pch";
				INFOPLIST_FILE = "SampleApplication/SampleApplication-Info.plist";
				PRODUCT_NAME = "$(TARGET_NAME)";
				WRAPPER_EXTENSION = app;
			};
			name = Debug;
		};
		3CE185CE15C64C1000A8FB57 /* Release */ = {
			isa = XCBuildConfiguration;
			buildSettings = {
				CODE_SIGN_IDENTITY = "Mac Developer";
				COMBINE_HIDPI_IMAGES = YES;
				FRAMEWORK_SEARCH_PATHS = (
					"$(inherited)",
					"\"$(SRCROOT)/../../../Library/Developer/Xcode/DerivedData/SMJobKit-fliesfietiliwshiebehkxithcjq/Build/Products/Debug\"",
				);
				GCC_PRECOMPILE_PREFIX_HEADER = YES;
				GCC_PREFIX_HEADER = "SampleApplication/SampleApplication-Prefix.pch";
				INFOPLIST_FILE = "SampleApplication/SampleApplication-Info.plist";
				PRODUCT_NAME = "$(TARGET_NAME)";
				WRAPPER_EXTENSION = app;
			};
			name = Release;
		};
/* End XCBuildConfiguration section */

/* Begin XCConfigurationList section */
		3CE1858E15C64C1000A8FB57 /* Build configuration list for PBXProject "SampleApplication" */ = {
			isa = XCConfigurationList;
			buildConfigurations = (
				3CE185C715C64C1000A8FB57 /* Debug */,
				3CE185C815C64C1000A8FB57 /* Release */,
			);
			defaultConfigurationIsVisible = 0;
			defaultConfigurationName = Release;
		};
		3CE185C915C64C1000A8FB57 /* Build configuration list for PBXNativeTarget "SampleService" */ = {
			isa = XCConfigurationList;
			buildConfigurations = (
				3CE185CA15C64C1000A8FB57 /* Debug */,
				3CE185CB15C64C1000A8FB57 /* Release */,
			);
			defaultConfigurationIsVisible = 0;
		};
		3CE185CC15C64C1000A8FB57 /* Build configuration list for PBXNativeTarget "SampleApplication" */ = {
			isa = XCConfigurationList;
			buildConfigurations = (
				3CE185CD15C64C1000A8FB57 /* Debug */,
				3CE185CE15C64C1000A8FB57 /* Release */,
			);
			defaultConfigurationIsVisible = 0;
		};
/* End XCConfigurationList section */
	};
	rootObject = 3CE1858B15C64C1000A8FB57 /* Project object */;
}
