// !$*UTF8*$!
{
	archiveVersion = 1;
	classes = {
	};
	objectVersion = 46;
	objects = {

/* Begin PBXBuildFile section */
		3C75ECDB15AD414A0041240E /* Cocoa.framework in Frameworks */ = {isa = PBXBuildFile; fileRef = 3C75ECDA15AD414A0041240E /* Cocoa.framework */; };
		3C75ECE515AD414A0041240E /* InfoPlist.strings in Resources */ = {isa = PBXBuildFile; fileRef = 3C75ECE315AD414A0041240E /* InfoPlist.strings */; };
		3C75ECE715AD414A0041240E /* main.m in Sources */ = {isa = PBXBuildFile; fileRef = 3C75ECE615AD414A0041240E /* main.m */; };
		3C75ECEB15AD414A0041240E /* Credits.rtf in Resources */ = {isa = PBXBuildFile; fileRef = 3C75ECE915AD414A0041240E /* Credits.rtf */; };
		3C75ECEE15AD414A0041240E /* AppDelegate.m in Sources */ = {isa = PBXBuildFile; fileRef = 3C75ECED15AD414A0041240E /* AppDelegate.m */; };
		3C75ECF115AD414A0041240E /* MainMenu.xib in Resources */ = {isa = PBXBuildFile; fileRef = 3C75ECEF15AD414A0041240E /* MainMenu.xib */; };
		3C75ECF815AD421E0041240E /* SMJobKit.framework in Frameworks */ = {isa = PBXBuildFile; fileRef = 3C75ECF715AD421E0041240E /* SMJobKit.framework */; };
		3C75ED0D15AD43420041240E /* SampleService.m in Sources */ = {isa = PBXBuildFile; fileRef = 3C75ED0C15AD43420041240E /* SampleService.m */; };
		3CD9BCB115B252CC00F0007B /* Foundation.framework in Frameworks */ = {isa = PBXBuildFile; fileRef = 3C75ECFF15AD42360041240E /* Foundation.framework */; };
		3CD9BCB415B252CC00F0007B /* main.m in Sources */ = {isa = PBXBuildFile; fileRef = 3CD9BCB315B252CC00F0007B /* main.m */; };
		3CD9BCBC15B252DF00F0007B /* net.nevir.SMJobKit.SampleApplication.SampleService in Copy Services */ = {isa = PBXBuildFile; fileRef = 3CD9BCAF15B252CC00F0007B /* net.nevir.SMJobKit.SampleApplication.SampleService */; };
/* End PBXBuildFile section */

/* Begin PBXContainerItemProxy section */
		3CD9BCBA15B252DB00F0007B /* PBXContainerItemProxy */ = {
			isa = PBXContainerItemProxy;
			containerPortal = 3C75ECCD15AD414A0041240E /* Project object */;
			proxyType = 1;
			remoteGlobalIDString = 3CD9BCAE15B252CC00F0007B;
			remoteInfo = SampleService;
		};
/* End PBXContainerItemProxy section */

/* Begin PBXCopyFilesBuildPhase section */
		3C75ED0915AD425B0041240E /* Copy Services */ = {
			isa = PBXCopyFilesBuildPhase;
			buildActionMask = 2147483647;
			dstPath = Contents/Library/LaunchServices;
			dstSubfolderSpec = 1;
			files = (
				3CD9BCBC15B252DF00F0007B /* net.nevir.SMJobKit.SampleApplication.SampleService in Copy Services */,
			);
			name = "Copy Services";
			runOnlyForDeploymentPostprocessing = 0;
		};
/* End PBXCopyFilesBuildPhase section */

/* Begin PBXFileReference section */
		3C75ECD615AD414A0041240E /* SampleApplication.app */ = {isa = PBXFileReference; explicitFileType = wrapper.application; includeInIndex = 0; path = SampleApplication.app; sourceTree = BUILT_PRODUCTS_DIR; };
		3C75ECDA15AD414A0041240E /* Cocoa.framework */ = {isa = PBXFileReference; lastKnownFileType = wrapper.framework; name = Cocoa.framework; path = System/Library/Frameworks/Cocoa.framework; sourceTree = SDKROOT; };
		3C75ECDD15AD414A0041240E /* AppKit.framework */ = {isa = PBXFileReference; lastKnownFileType = wrapper.framework; name = AppKit.framework; path = System/Library/Frameworks/AppKit.framework; sourceTree = SDKROOT; };
		3C75ECDE15AD414A0041240E /* CoreData.framework */ = {isa = PBXFileReference; lastKnownFileType = wrapper.framework; name = CoreData.framework; path = System/Library/Frameworks/CoreData.framework; sourceTree = SDKROOT; };
		3C75ECDF15AD414A0041240E /* Foundation.framework */ = {isa = PBXFileReference; lastKnownFileType = wrapper.framework; name = Foundation.framework; path = System/Library/Frameworks/Foundation.framework; sourceTree = SDKROOT; };
		3C75ECE215AD414A0041240E /* SampleApplication-Info.plist */ = {isa = PBXFileReference; lastKnownFileType = text.plist.xml; path = "SampleApplication-Info.plist"; sourceTree = "<group>"; };
		3C75ECE415AD414A0041240E /* en */ = {isa = PBXFileReference; lastKnownFileType = text.plist.strings; name = en; path = en.lproj/InfoPlist.strings; sourceTree = "<group>"; };
		3C75ECE615AD414A0041240E /* main.m */ = {isa = PBXFileReference; lastKnownFileType = sourcecode.c.objc; path = main.m; sourceTree = "<group>"; };
		3C75ECE815AD414A0041240E /* SampleApplication-Prefix.pch */ = {isa = PBXFileReference; lastKnownFileType = sourcecode.c.h; path = "SampleApplication-Prefix.pch"; sourceTree = "<group>"; };
		3C75ECEA15AD414A0041240E /* en */ = {isa = PBXFileReference; lastKnownFileType = text.rtf; name = en; path = en.lproj/Credits.rtf; sourceTree = "<group>"; };
		3C75ECEC15AD414A0041240E /* AppDelegate.h */ = {isa = PBXFileReference; lastKnownFileType = sourcecode.c.h; path = AppDelegate.h; sourceTree = "<group>"; };
		3C75ECED15AD414A0041240E /* AppDelegate.m */ = {isa = PBXFileReference; lastKnownFileType = sourcecode.c.objc; path = AppDelegate.m; sourceTree = "<group>"; };
		3C75ECF015AD414A0041240E /* en */ = {isa = PBXFileReference; lastKnownFileType = file.xib; name = en; path = en.lproj/MainMenu.xib; sourceTree = "<group>"; };
		3C75ECF715AD421E0041240E /* SMJobKit.framework */ = {isa = PBXFileReference; lastKnownFileType = wrapper.framework; name = SMJobKit.framework; path = "../../../Library/Developer/Xcode/DerivedData/SMJobKit-fliesfietiliwshiebehkxithcjq/Build/Products/Debug/SMJobKit.framework"; sourceTree = "<group>"; };
		3C75ECFF15AD42360041240E /* Foundation.framework */ = {isa = PBXFileReference; lastKnownFileType = wrapper.framework; name = Foundation.framework; path = /System/Library/Frameworks/Foundation.framework; sourceTree = "<absolute>"; };
		3C75ED0B15AD43420041240E /* SampleService.h */ = {isa = PBXFileReference; fileEncoding = 4; lastKnownFileType = sourcecode.c.h; path = SampleService.h; sourceTree = "<group>"; };
		3C75ED0C15AD43420041240E /* SampleService.m */ = {isa = PBXFileReference; fileEncoding = 4; lastKnownFileType = sourcecode.c.objc; path = SampleService.m; sourceTree = "<group>"; };
		3CD9BCAF15B252CC00F0007B /* net.nevir.SMJobKit.SampleApplication.SampleService */ = {isa = PBXFileReference; explicitFileType = "compiled.mach-o.executable"; includeInIndex = 0; path = net.nevir.SMJobKit.SampleApplication.SampleService; sourceTree = BUILT_PRODUCTS_DIR; };
		3CD9BCB315B252CC00F0007B /* main.m */ = {isa = PBXFileReference; lastKnownFileType = sourcecode.c.objc; path = main.m; sourceTree = "<group>"; };
		3CD9BCB515B252CC00F0007B /* SampleService-Info.plist */ = {isa = PBXFileReference; lastKnownFileType = text.plist.xml; path = "SampleService-Info.plist"; sourceTree = "<group>"; };
		3CD9BCB615B252CC00F0007B /* SampleService-Launchd.plist */ = {isa = PBXFileReference; lastKnownFileType = text.plist.xml; path = "SampleService-Launchd.plist"; sourceTree = "<group>"; };
/* End PBXFileReference section */

/* Begin PBXFrameworksBuildPhase section */
		3C75ECD315AD414A0041240E /* Frameworks */ = {
			isa = PBXFrameworksBuildPhase;
			buildActionMask = 2147483647;
			files = (
				3C75ECF815AD421E0041240E /* SMJobKit.framework in Frameworks */,
				3C75ECDB15AD414A0041240E /* Cocoa.framework in Frameworks */,
			);
			runOnlyForDeploymentPostprocessing = 0;
		};
		3CD9BCAD15B252CC00F0007B /* Frameworks */ = {
			isa = PBXFrameworksBuildPhase;
			buildActionMask = 2147483647;
			files = (
				3CD9BCB115B252CC00F0007B /* Foundation.framework in Frameworks */,
			);
			runOnlyForDeploymentPostprocessing = 0;
		};
/* End PBXFrameworksBuildPhase section */

/* Begin PBXGroup section */
		3C75ECCB15AD414A0041240E = {
			isa = PBXGroup;
			children = (
				3C75ECE015AD414A0041240E /* SampleApplication */,
				3CD9BCB215B252CC00F0007B /* SampleService */,
				3C75ECD915AD414A0041240E /* Frameworks */,
				3C75ECD715AD414A0041240E /* Products */,
			);
			sourceTree = "<group>";
		};
		3C75ECD715AD414A0041240E /* Products */ = {
			isa = PBXGroup;
			children = (
				3C75ECD615AD414A0041240E /* SampleApplication.app */,
				3CD9BCAF15B252CC00F0007B /* net.nevir.SMJobKit.SampleApplication.SampleService */,
			);
			name = Products;
			sourceTree = "<group>";
		};
		3C75ECD915AD414A0041240E /* Frameworks */ = {
			isa = PBXGroup;
			children = (
				3C75ECF715AD421E0041240E /* SMJobKit.framework */,
				3C75ECDA15AD414A0041240E /* Cocoa.framework */,
				3C75ECFF15AD42360041240E /* Foundation.framework */,
				3C75ECDC15AD414A0041240E /* Other Frameworks */,
			);
			name = Frameworks;
			sourceTree = "<group>";
		};
		3C75ECDC15AD414A0041240E /* Other Frameworks */ = {
			isa = PBXGroup;
			children = (
				3C75ECDD15AD414A0041240E /* AppKit.framework */,
				3C75ECDE15AD414A0041240E /* CoreData.framework */,
				3C75ECDF15AD414A0041240E /* Foundation.framework */,
			);
			name = "Other Frameworks";
			sourceTree = "<group>";
		};
		3C75ECE015AD414A0041240E /* SampleApplication */ = {
			isa = PBXGroup;
			children = (
				3C75ECEC15AD414A0041240E /* AppDelegate.h */,
				3C75ECED15AD414A0041240E /* AppDelegate.m */,
				3C75ECEF15AD414A0041240E /* MainMenu.xib */,
				3C75ED0B15AD43420041240E /* SampleService.h */,
				3C75ED0C15AD43420041240E /* SampleService.m */,
				3C75ECE115AD414A0041240E /* Supporting Files */,
			);
			path = SampleApplication;
			sourceTree = "<group>";
		};
		3C75ECE115AD414A0041240E /* Supporting Files */ = {
			isa = PBXGroup;
			children = (
				3C75ECE215AD414A0041240E /* SampleApplication-Info.plist */,
				3C75ECE315AD414A0041240E /* InfoPlist.strings */,
				3C75ECE615AD414A0041240E /* main.m */,
				3C75ECE815AD414A0041240E /* SampleApplication-Prefix.pch */,
				3C75ECE915AD414A0041240E /* Credits.rtf */,
			);
			name = "Supporting Files";
			sourceTree = "<group>";
		};
		3CD9BCB215B252CC00F0007B /* SampleService */ = {
			isa = PBXGroup;
			children = (
				3CD9BCB315B252CC00F0007B /* main.m */,
				3CD9BCB515B252CC00F0007B /* SampleService-Info.plist */,
				3CD9BCB615B252CC00F0007B /* SampleService-Launchd.plist */,
			);
			path = SampleService;
			sourceTree = "<group>";
		};
/* End PBXGroup section */

/* Begin PBXNativeTarget section */
		3C75ECD515AD414A0041240E /* SampleApplication */ = {
			isa = PBXNativeTarget;
			buildConfigurationList = 3C75ECF415AD414A0041240E /* Build configuration list for PBXNativeTarget "SampleApplication" */;
			buildPhases = (
				3C75ECD215AD414A0041240E /* Sources */,
				3C75ECD315AD414A0041240E /* Frameworks */,
				3C75ED0915AD425B0041240E /* Copy Services */,
				3C75ECD415AD414A0041240E /* Resources */,
			);
			buildRules = (
			);
			dependencies = (
				3CD9BCBB15B252DB00F0007B /* PBXTargetDependency */,
			);
			name = SampleApplication;
			productName = SampleApplication;
			productReference = 3C75ECD615AD414A0041240E /* SampleApplication.app */;
			productType = "com.apple.product-type.application";
		};
		3CD9BCAE15B252CC00F0007B /* SampleService */ = {
			isa = PBXNativeTarget;
			buildConfigurationList = 3CD9BCB715B252CC00F0007B /* Build configuration list for PBXNativeTarget "SampleService" */;
			buildPhases = (
				3CD9BCAB15B252CC00F0007B /* ShellScript */,
				3CD9BCAC15B252CC00F0007B /* Sources */,
				3CD9BCAD15B252CC00F0007B /* Frameworks */,
			);
			buildRules = (
			);
			dependencies = (
			);
			name = SampleService;
			productName = SampleService;
			productReference = 3CD9BCAF15B252CC00F0007B /* net.nevir.SMJobKit.SampleApplication.SampleService */;
			productType = "com.apple.product-type.tool";
		};
/* End PBXNativeTarget section */

/* Begin PBXProject section */
		3C75ECCD15AD414A0041240E /* Project object */ = {
			isa = PBXProject;
			attributes = {
				LastUpgradeCheck = 0450;
			};
			buildConfigurationList = 3C75ECD015AD414A0041240E /* Build configuration list for PBXProject "SampleApplication" */;
			compatibilityVersion = "Xcode 3.2";
			developmentRegion = English;
			hasScannedForEncodings = 0;
			knownRegions = (
				en,
			);
			mainGroup = 3C75ECCB15AD414A0041240E;
			productRefGroup = 3C75ECD715AD414A0041240E /* Products */;
			projectDirPath = "";
			projectRoot = "";
			targets = (
				3C75ECD515AD414A0041240E /* SampleApplication */,
				3CD9BCAE15B252CC00F0007B /* SampleService */,
			);
		};
/* End PBXProject section */

/* Begin PBXResourcesBuildPhase section */
		3C75ECD415AD414A0041240E /* Resources */ = {
			isa = PBXResourcesBuildPhase;
			buildActionMask = 2147483647;
			files = (
				3C75ECE515AD414A0041240E /* InfoPlist.strings in Resources */,
				3C75ECEB15AD414A0041240E /* Credits.rtf in Resources */,
				3C75ECF115AD414A0041240E /* MainMenu.xib in Resources */,
			);
			runOnlyForDeploymentPostprocessing = 0;
		};
/* End PBXResourcesBuildPhase section */

/* Begin PBXShellScriptBuildPhase section */
		3CD9BCAB15B252CC00F0007B /* ShellScript */ = {
			isa = PBXShellScriptBuildPhase;
			buildActionMask = 2147483647;
			files = (
			);
			inputPaths = (
			);
			outputPaths = (
			);
			runOnlyForDeploymentPostprocessing = 0;
			shellPath = "/usr/bin/env ruby";
			shellScript = "# Generic preprocessing for ${ENV_VAR} with output to the build dir.\n\nrequire 'cgi'\nrequire 'fileutils'\n\nmissing_keys = ['BUILD_DIR', 'CODE_SIGN_IDENTITY', 'SMJ_PREPROCESS_FILES', 'SMJ_PREPROCESS_DIR'] - ENV.keys\nraise \"Missing required ENV values: #{missing_keys.inspect}\" if missing_keys.size > 0\n\n# SMJ_PREPROCESS_FILES is a comma-separated list of *relative* file paths to preprocess\n#  and spit out into the SMJ_PREPROCESS_DIR (w/ the same relative paths as given)\nfiles_to_preprocess = ENV['SMJ_PREPROCESS_FILES'].split(',').map(&:strip)\n\n\n# Environment Cleanup\n# -------------------\ndummy_path = \"#{ENV['BUILD_DIR']}/SMJobKitCodeSigningDummy\"\n\nidentity = ENV['CODE_SIGN_IDENTITY']\n# If you use the generic code signing identity, chances are that it'll conflict.\nidentity = \"#{identity}:\" if identity.end_with? ' Developer'\n\n# We can't seem to get direct access to the code signing certificate that Xcode has\n# selected at this point :(\n`touch #{dummy_path}`\n`codesign --force --sign \"#{identity}\" \"#{dummy_path}\"`\nresult = `codesign --display --verbose --verbose \"#{dummy_path}\" 2>&1`\n`rm #{dummy_path}`\n\nENV['CODE_SIGN_IDENTITY'] = result[/Authority\\=(.*#{Regexp.escape(identity)}.*)/, 1]\n\n\n# Actual Preprocessing\n# --------------------\n\nfiles_to_preprocess.each do |path|\n  target_path = File.join(ENV['SMJ_PREPROCESS_DIR'], path)\n  FileUtils.mkpath File.dirname(target_path)\n\n  open(path) do |input|\n    open(target_path, 'w') do |output|\n      # Specify macros via ${VAR_NAME} in the preprocessed file.  Same as regular\n      # Info.plist preprocessing.\n      output.write input.read.gsub(/\\$\\{([A-Z_]+)\\}/) { CGI.escapeHTML(ENV[$1]) }\n    end\n    puts target_path\n  end\nend";
		};
/* End PBXShellScriptBuildPhase section */

/* Begin PBXSourcesBuildPhase section */
		3C75ECD215AD414A0041240E /* Sources */ = {
			isa = PBXSourcesBuildPhase;
			buildActionMask = 2147483647;
			files = (
				3C75ECE715AD414A0041240E /* main.m in Sources */,
				3C75ECEE15AD414A0041240E /* AppDelegate.m in Sources */,
				3C75ED0D15AD43420041240E /* SampleService.m in Sources */,
			);
			runOnlyForDeploymentPostprocessing = 0;
		};
		3CD9BCAC15B252CC00F0007B /* Sources */ = {
			isa = PBXSourcesBuildPhase;
			buildActionMask = 2147483647;
			files = (
				3CD9BCB415B252CC00F0007B /* main.m in Sources */,
			);
			runOnlyForDeploymentPostprocessing = 0;
		};
/* End PBXSourcesBuildPhase section */

/* Begin PBXTargetDependency section */
		3CD9BCBB15B252DB00F0007B /* PBXTargetDependency */ = {
			isa = PBXTargetDependency;
			target = 3CD9BCAE15B252CC00F0007B /* SampleService */;
			targetProxy = 3CD9BCBA15B252DB00F0007B /* PBXContainerItemProxy */;
		};
/* End PBXTargetDependency section */

/* Begin PBXVariantGroup section */
		3C75ECE315AD414A0041240E /* InfoPlist.strings */ = {
			isa = PBXVariantGroup;
			children = (
				3C75ECE415AD414A0041240E /* en */,
			);
			name = InfoPlist.strings;
			sourceTree = "<group>";
		};
		3C75ECE915AD414A0041240E /* Credits.rtf */ = {
			isa = PBXVariantGroup;
			children = (
				3C75ECEA15AD414A0041240E /* en */,
			);
			name = Credits.rtf;
			sourceTree = "<group>";
		};
		3C75ECEF15AD414A0041240E /* MainMenu.xib */ = {
			isa = PBXVariantGroup;
			children = (
				3C75ECF015AD414A0041240E /* en */,
			);
			name = MainMenu.xib;
			sourceTree = "<group>";
		};
/* End PBXVariantGroup section */

/* Begin XCBuildConfiguration section */
		3C75ECF215AD414A0041240E /* Debug */ = {
			isa = XCBuildConfiguration;
			buildSettings = {
				ALWAYS_SEARCH_USER_PATHS = NO;
				ARCHS = "$(ARCHS_STANDARD_64_BIT)";
				CLANG_ENABLE_OBJC_ARC = YES;
				CODE_SIGN_IDENTITY = "Mac Developer";
				COMBINE_HIDPI_IMAGES = YES;
				COPY_PHASE_STRIP = NO;
				GCC_C_LANGUAGE_STANDARD = gnu99;
				GCC_DYNAMIC_NO_PIC = NO;
				GCC_ENABLE_OBJC_EXCEPTIONS = YES;
				GCC_OPTIMIZATION_LEVEL = 0;
				GCC_PREPROCESSOR_DEFINITIONS = (
					"DEBUG=1",
					"$(inherited)",
				);
				GCC_SYMBOLS_PRIVATE_EXTERN = NO;
				GCC_VERSION = com.apple.compilers.llvm.clang.1_0;
				GCC_WARN_64_TO_32_BIT_CONVERSION = YES;
				GCC_WARN_ABOUT_RETURN_TYPE = YES;
				GCC_WARN_UNINITIALIZED_AUTOS = YES;
				GCC_WARN_UNUSED_VARIABLE = YES;
				MACOSX_DEPLOYMENT_TARGET = 10.7;
				ONLY_ACTIVE_ARCH = YES;
				PROVISIONING_PROFILE = "";
				SDKROOT = macosx;
			};
			name = Debug;
		};
		3C75ECF315AD414A0041240E /* Release */ = {
			isa = XCBuildConfiguration;
			buildSettings = {
				ALWAYS_SEARCH_USER_PATHS = NO;
				ARCHS = "$(ARCHS_STANDARD_64_BIT)";
				CLANG_ENABLE_OBJC_ARC = YES;
				CODE_SIGN_IDENTITY = "Mac Developer";
				COMBINE_HIDPI_IMAGES = YES;
				COPY_PHASE_STRIP = YES;
				DEBUG_INFORMATION_FORMAT = "dwarf-with-dsym";
				GCC_C_LANGUAGE_STANDARD = gnu99;
				GCC_ENABLE_OBJC_EXCEPTIONS = YES;
				GCC_VERSION = com.apple.compilers.llvm.clang.1_0;
				GCC_WARN_64_TO_32_BIT_CONVERSION = YES;
				GCC_WARN_ABOUT_RETURN_TYPE = YES;
				GCC_WARN_UNINITIALIZED_AUTOS = YES;
				GCC_WARN_UNUSED_VARIABLE = YES;
				MACOSX_DEPLOYMENT_TARGET = 10.7;
				PROVISIONING_PROFILE = "";
				SDKROOT = macosx;
			};
			name = Release;
		};
		3C75ECF515AD414A0041240E /* Debug */ = {
			isa = XCBuildConfiguration;
			buildSettings = {
				FRAMEWORK_SEARCH_PATHS = (
					"$(inherited)",
					"\"$(SRCROOT)/../../../Library/Developer/Xcode/DerivedData/SMJobKit-fliesfietiliwshiebehkxithcjq/Build/Products/Debug\"",
				);
				GCC_PRECOMPILE_PREFIX_HEADER = YES;
				GCC_PREFIX_HEADER = "SampleApplication/SampleApplication-Prefix.pch";
				INFOPLIST_FILE = "SampleApplication/SampleApplication-Info.plist";
				PRODUCT_NAME = "$(TARGET_NAME)";
				WRAPPER_EXTENSION = app;
			};
			name = Debug;
		};
		3C75ECF615AD414A0041240E /* Release */ = {
			isa = XCBuildConfiguration;
			buildSettings = {
				FRAMEWORK_SEARCH_PATHS = (
					"$(inherited)",
					"\"$(SRCROOT)/../../../Library/Developer/Xcode/DerivedData/SMJobKit-fliesfietiliwshiebehkxithcjq/Build/Products/Debug\"",
				);
				GCC_PRECOMPILE_PREFIX_HEADER = YES;
				GCC_PREFIX_HEADER = "SampleApplication/SampleApplication-Prefix.pch";
				INFOPLIST_FILE = "SampleApplication/SampleApplication-Info.plist";
				PRODUCT_NAME = "$(TARGET_NAME)";
				WRAPPER_EXTENSION = app;
			};
			name = Release;
		};
		3CD9BCB815B252CC00F0007B /* Debug */ = {
			isa = XCBuildConfiguration;
			buildSettings = {
				OTHER_LDFLAGS = (
					"-sectcreate",
					__TEXT,
					__info_plist,
					"\"$(SMJ_PREPROCESS_DIR)/SampleService/SampleService-Info.plist\"",
					"-sectcreate",
					__TEXT,
					__launchd_plist,
					"\"$(SMJ_PREPROCESS_DIR)/SampleService/SampleService-Launchd.plist\"",
				);
				PRODUCT_NAME = "net.nevir.SMJobKit.$(PROJECT_NAME).$(TARGET_NAME)";
				SMJ_PREPROCESS_DIR = "$(BUILD_DIR)/Preprocessed";
				SMJ_PREPROCESS_FILES = "SampleService/SampleService-Info.plist, SampleService/SampleService-Launchd.plist";
			};
			name = Debug;
		};
		3CD9BCB915B252CC00F0007B /* Release */ = {
			isa = XCBuildConfiguration;
			buildSettings = {
				OTHER_LDFLAGS = (
					"-sectcreate",
					__TEXT,
					__info_plist,
					"\"$(SMJ_PREPROCESS_DIR)/SampleService/SampleService-Info.plist\"",
					"-sectcreate",
					__TEXT,
					__launchd_plist,
					"\"$(SMJ_PREPROCESS_DIR)/SampleService/SampleService-Launchd.plist\"",
				);
				PRODUCT_NAME = "net.nevir.SMJobKit.$(PROJECT_NAME).$(TARGET_NAME)";
				SMJ_PREPROCESS_DIR = "$(BUILD_DIR)/Preprocessed";
				SMJ_PREPROCESS_FILES = "SampleService/SampleService-Info.plist, SampleService/SampleService-Launchd.plist";
			};
			name = Release;
		};
/* End XCBuildConfiguration section */

/* Begin XCConfigurationList section */
		3C75ECD015AD414A0041240E /* Build configuration list for PBXProject "SampleApplication" */ = {
			isa = XCConfigurationList;
			buildConfigurations = (
				3C75ECF215AD414A0041240E /* Debug */,
				3C75ECF315AD414A0041240E /* Release */,
			);
			defaultConfigurationIsVisible = 0;
			defaultConfigurationName = Release;
		};
		3C75ECF415AD414A0041240E /* Build configuration list for PBXNativeTarget "SampleApplication" */ = {
			isa = XCConfigurationList;
			buildConfigurations = (
				3C75ECF515AD414A0041240E /* Debug */,
				3C75ECF615AD414A0041240E /* Release */,
			);
			defaultConfigurationIsVisible = 0;
			defaultConfigurationName = Release;
		};
		3CD9BCB715B252CC00F0007B /* Build configuration list for PBXNativeTarget "SampleService" */ = {
			isa = XCConfigurationList;
			buildConfigurations = (
				3CD9BCB815B252CC00F0007B /* Debug */,
				3CD9BCB915B252CC00F0007B /* Release */,
			);
			defaultConfigurationIsVisible = 0;
		};
/* End XCConfigurationList section */
	};
	rootObject = 3C75ECCD15AD414A0041240E /* Project object */;
}
